
Microsoft Visual Studio Solution File, Format Version 12.00
# Visual Studio Version 16
VisualStudioVersion = 16.0.30804.86
MinimumVisualStudioVersion = 10.0.40219.1
Project("{FAE04EC0-301F-11D3-BF4B-00C04F79EFBC}") = "APIGetway", "APIGetway\APIGetway.csproj", "{A4329825-ACA8-42B1-8D2C-B0192757DC18}"
EndProject
Project("{2150E333-8FDC-42A3-9474-1A3956D46DE8}") = "Services", "Services", "{0776EEBA-A9CE-4C66-B620-40983A7F88F1}"
EndProject
Project("{FAE04EC0-301F-11D3-BF4B-00C04F79EFBC}") = "Contact.API", "Services\ContactAPI\Contact.API\Contact.API.csproj", "{B2534729-C63C-4A5F-A0AC-71739300878A}"
EndProject
Project("{FAE04EC0-301F-11D3-BF4B-00C04F79EFBC}") = "Reservation.API", "Services\RestAPI\Reservation.API\Reservation.API.csproj", "{0F246623-BE9F-4F9C-9648-B704DD9BB736}"
EndProject
Project("{2150E333-8FDC-42A3-9474-1A3956D46DE8}") = "ContactAPI", "ContactAPI", "{05EF3812-B171-4348-81A6-18BA966E1F21}"
EndProject
Project("{2150E333-8FDC-42A3-9474-1A3956D46DE8}") = "ReservationAPI", "ReservationAPI", "{85F1072D-2CFD-4F96-A876-843A5FB297E2}"
EndProject
Project("{FAE04EC0-301F-11D3-BF4B-00C04F79EFBC}") = "Contact.API.Infrastructure", "Services\ContactAPI\Contact.API.Infrastructure\Contact.API.Infrastructure.csproj", "{4B2A9F2F-B3D4-4302-85B5-5078995A7159}"
EndProject
Project("{FAE04EC0-301F-11D3-BF4B-00C04F79EFBC}") = "Contact.API.Models", "Services\ContactAPI\Contact.API.Models\Contact.API.Models.csproj", "{F430909C-AA36-411F-B2F6-031713F452EB}"
EndProject
Project("{FAE04EC0-301F-11D3-BF4B-00C04F79EFBC}") = "Contact.API.Services", "Services\ContactAPI\Contact.API.Services\Contact.API.Services.csproj", "{007A9CB2-344E-4BEC-B68E-650EFD4FBFB9}"
EndProject
Project("{FAE04EC0-301F-11D3-BF4B-00C04F79EFBC}") = "Reservation.API.Infrastructure", "Services\RestAPI\Reservation.API.Infrastructure\Reservation.API.Infrastructure.csproj", "{5799AE9F-DA52-48A7-8FD0-FA13A7CAC2E0}"
EndProject
Project("{FAE04EC0-301F-11D3-BF4B-00C04F79EFBC}") = "Reservation.API.Models", "Services\RestAPI\Reservation.API.Models\Reservation.API.Models.csproj", "{AB50D655-D28C-4D7D-84BB-D5F25F308338}"
EndProject
Project("{FAE04EC0-301F-11D3-BF4B-00C04F79EFBC}") = "Reservation.API.Services", "Services\RestAPI\Reservation.API.Services\Reservation.API.Services.csproj", "{0412AF38-4EDD-4113-93FE-3FF0D6989F85}"
EndProject
Global
	GlobalSection(SolutionConfigurationPlatforms) = preSolution
		Debug|Any CPU = Debug|Any CPU
		Release|Any CPU = Release|Any CPU
	EndGlobalSection
	GlobalSection(ProjectConfigurationPlatforms) = postSolution
		{A4329825-ACA8-42B1-8D2C-B0192757DC18}.Debug|Any CPU.ActiveCfg = Debug|Any CPU
		{A4329825-ACA8-42B1-8D2C-B0192757DC18}.Debug|Any CPU.Build.0 = Debug|Any CPU
		{A4329825-ACA8-42B1-8D2C-B0192757DC18}.Release|Any CPU.ActiveCfg = Release|Any CPU
		{A4329825-ACA8-42B1-8D2C-B0192757DC18}.Release|Any CPU.Build.0 = Release|Any CPU
		{B2534729-C63C-4A5F-A0AC-71739300878A}.Debug|Any CPU.ActiveCfg = Debug|Any CPU
		{B2534729-C63C-4A5F-A0AC-71739300878A}.Debug|Any CPU.Build.0 = Debug|Any CPU
		{B2534729-C63C-4A5F-A0AC-71739300878A}.Release|Any CPU.ActiveCfg = Release|Any CPU
		{B2534729-C63C-4A5F-A0AC-71739300878A}.Release|Any CPU.Build.0 = Release|Any CPU
		{0F246623-BE9F-4F9C-9648-B704DD9BB736}.Debug|Any CPU.ActiveCfg = Debug|Any CPU
		{0F246623-BE9F-4F9C-9648-B704DD9BB736}.Debug|Any CPU.Build.0 = Debug|Any CPU
		{0F246623-BE9F-4F9C-9648-B704DD9BB736}.Release|Any CPU.ActiveCfg = Release|Any CPU
		{0F246623-BE9F-4F9C-9648-B704DD9BB736}.Release|Any CPU.Build.0 = Release|Any CPU
		{4B2A9F2F-B3D4-4302-85B5-5078995A7159}.Debug|Any CPU.ActiveCfg = Debug|Any CPU
		{4B2A9F2F-B3D4-4302-85B5-5078995A7159}.Debug|Any CPU.Build.0 = Debug|Any CPU
		{4B2A9F2F-B3D4-4302-85B5-5078995A7159}.Release|Any CPU.ActiveCfg = Release|Any CPU
		{4B2A9F2F-B3D4-4302-85B5-5078995A7159}.Release|Any CPU.Build.0 = Release|Any CPU
		{F430909C-AA36-411F-B2F6-031713F452EB}.Debug|Any CPU.ActiveCfg = Debug|Any CPU
		{F430909C-AA36-411F-B2F6-031713F452EB}.Debug|Any CPU.Build.0 = Debug|Any CPU
		{F430909C-AA36-411F-B2F6-031713F452EB}.Release|Any CPU.ActiveCfg = Release|Any CPU
		{F430909C-AA36-411F-B2F6-031713F452EB}.Release|Any CPU.Build.0 = Release|Any CPU
		{007A9CB2-344E-4BEC-B68E-650EFD4FBFB9}.Debug|Any CPU.ActiveCfg = Debug|Any CPU
		{007A9CB2-344E-4BEC-B68E-650EFD4FBFB9}.Debug|Any CPU.Build.0 = Debug|Any CPU
		{007A9CB2-344E-4BEC-B68E-650EFD4FBFB9}.Release|Any CPU.ActiveCfg = Release|Any CPU
		{007A9CB2-344E-4BEC-B68E-650EFD4FBFB9}.Release|Any CPU.Build.0 = Release|Any CPU
		{5799AE9F-DA52-48A7-8FD0-FA13A7CAC2E0}.Debug|Any CPU.ActiveCfg = Debug|Any CPU
		{5799AE9F-DA52-48A7-8FD0-FA13A7CAC2E0}.Debug|Any CPU.Build.0 = Debug|Any CPU
		{5799AE9F-DA52-48A7-8FD0-FA13A7CAC2E0}.Release|Any CPU.ActiveCfg = Release|Any CPU
		{5799AE9F-DA52-48A7-8FD0-FA13A7CAC2E0}.Release|Any CPU.Build.0 = Release|Any CPU
		{AB50D655-D28C-4D7D-84BB-D5F25F308338}.Debug|Any CPU.ActiveCfg = Debug|Any CPU
		{AB50D655-D28C-4D7D-84BB-D5F25F308338}.Debug|Any CPU.Build.0 = Debug|Any CPU
		{AB50D655-D28C-4D7D-84BB-D5F25F308338}.Release|Any CPU.ActiveCfg = Release|Any CPU
		{AB50D655-D28C-4D7D-84BB-D5F25F308338}.Release|Any CPU.Build.0 = Release|Any CPU
		{0412AF38-4EDD-4113-93FE-3FF0D6989F85}.Debug|Any CPU.ActiveCfg = Debug|Any CPU
		{0412AF38-4EDD-4113-93FE-3FF0D6989F85}.Debug|Any CPU.Build.0 = Debug|Any CPU
		{0412AF38-4EDD-4113-93FE-3FF0D6989F85}.Release|Any CPU.ActiveCfg = Release|Any CPU
		{0412AF38-4EDD-4113-93FE-3FF0D6989F85}.Release|Any CPU.Build.0 = Release|Any CPU
	EndGlobalSection
	GlobalSection(SolutionProperties) = preSolution
		HideSolutionNode = FALSE
	EndGlobalSection
	GlobalSection(NestedProjects) = preSolution
		{B2534729-C63C-4A5F-A0AC-71739300878A} = {05EF3812-B171-4348-81A6-18BA966E1F21}
		{0F246623-BE9F-4F9C-9648-B704DD9BB736} = {85F1072D-2CFD-4F96-A876-843A5FB297E2}
		{05EF3812-B171-4348-81A6-18BA966E1F21} = {0776EEBA-A9CE-4C66-B620-40983A7F88F1}
		{85F1072D-2CFD-4F96-A876-843A5FB297E2} = {0776EEBA-A9CE-4C66-B620-40983A7F88F1}
		{4B2A9F2F-B3D4-4302-85B5-5078995A7159} = {05EF3812-B171-4348-81A6-18BA966E1F21}
		{F430909C-AA36-411F-B2F6-031713F452EB} = {05EF3812-B171-4348-81A6-18BA966E1F21}
		{007A9CB2-344E-4BEC-B68E-650EFD4FBFB9} = {05EF3812-B171-4348-81A6-18BA966E1F21}
		{5799AE9F-DA52-48A7-8FD0-FA13A7CAC2E0} = {85F1072D-2CFD-4F96-A876-843A5FB297E2}
		{AB50D655-D28C-4D7D-84BB-D5F25F308338} = {85F1072D-2CFD-4F96-A876-843A5FB297E2}
		{0412AF38-4EDD-4113-93FE-3FF0D6989F85} = {85F1072D-2CFD-4F96-A876-843A5FB297E2}
	EndGlobalSection
	GlobalSection(ExtensibilityGlobals) = postSolution
		SolutionGuid = {37F215FE-F176-41D9-9F8B-F0F3A4280539}
	EndGlobalSection
EndGlobal
